Microsoft Visual Studio Solution File, Format Version 12.00
# Visual Studio Version 17
VisualStudioVersion = 17.5.2.0
MinimumVisualStudioVersion = 10.0.40219.1
Project("{2150E333-8FDC-42A3-9474-1A3956D46DE8}") = "ChatProducer", "ChatProducer", "{A399381F-1FE8-9F28-9C43-9F24B2B0D3EF}"
EndProject
Project("{FAE04EC0-301F-11D3-BF4B-00C04F79EFBC}") = "ChatProducerApp", "ChatProducer\ChatProducerApp\ChatProducerApp.csproj", "{DD1E27B2-ED15-9E7F-E04B-B7BE1265D9FA}"
EndProject
Global
	GlobalSection(SolutionConfigurationPlatforms) = preSolution
		Debug|Any CPU = Debug|Any CPU
		Release|Any CPU = Release|Any CPU
	EndGlobalSection
	GlobalSection(ProjectConfigurationPlatforms) = postSolution
		{DD1E27B2-ED15-9E7F-E04B-B7BE1265D9FA}.Debug|Any CPU.ActiveCfg = Debug|Any CPU
		{DD1E27B2-ED15-9E7F-E04B-B7BE1265D9FA}.Debug|Any CPU.Build.0 = Debug|Any CPU
		{DD1E27B2-ED15-9E7F-E04B-B7BE1265D9FA}.Release|Any CPU.ActiveCfg = Release|Any CPU
		{DD1E27B2-ED15-9E7F-E04B-B7BE1265D9FA}.Release|Any CPU.Build.0 = Release|Any CPU
	EndGlobalSection
	GlobalSection(SolutionProperties) = preSolution
		HideSolutionNode = FALSE
	EndGlobalSection
	GlobalSection(NestedProjects) = preSolution
		{DD1E27B2-ED15-9E7F-E04B-B7BE1265D9FA} = {A399381F-1FE8-9F28-9C43-9F24B2B0D3EF}
	EndGlobalSection
	GlobalSection(ExtensibilityGlobals) = postSolution
		SolutionGuid = {6C3DE307-E46C-485C-A03A-AE598CFFACFA}
	EndGlobalSection
EndGlobal
